
Microsoft Visual Studio Solution File, Format Version 11.00
# Visual Studio 2010
Project("{FAE04EC0-301F-11D3-BF4B-00C04F79EFBC}") = "Monopoly", "Monopoly\Monopoly.csproj", "{CE3BB1E3-DDAC-49F9-A554-ADB78E1F7F66}"
EndProject
Project("{F088123C-0E9E-452A-89E6-6BA2F21D5CAC}") = "Monopoly_UML", "Monopoly_UML\Monopoly_UML.modelproj", "{77EBB90A-3730-406A-B5EF-65F435853AE2}"
EndProject
Project("{FAE04EC0-301F-11D3-BF4B-00C04F79EFBC}") = "MonopolyTestProject", "MonopolyTestProject\MonopolyTestProject.csproj", "{721B288F-B509-4F04-9471-D494F786F6B1}"
EndProject
Project("{2150E333-8FDC-42A3-9474-1A3956D46DE8}") = "Solution Items", "Solution Items", "{3CE1AC0C-64D5-4157-AB6D-AE15FFA908CE}"
	ProjectSection(SolutionItems) = preProject
		Local.testsettings = Local.testsettings
		Monopoly.vsmdi = Monopoly.vsmdi
		TraceAndTestImpact.testsettings = TraceAndTestImpact.testsettings
	EndProjectSection
EndProject
Global
	GlobalSection(TestCaseManagementSettings) = postSolution
		CategoryFile = Monopoly.vsmdi
	EndGlobalSection
	GlobalSection(SolutionConfigurationPlatforms) = preSolution
		Debug|Any CPU = Debug|Any CPU
		Debug|Mixed Platforms = Debug|Mixed Platforms
		Debug|x86 = Debug|x86
		Release|Any CPU = Release|Any CPU
		Release|Mixed Platforms = Release|Mixed Platforms
		Release|x86 = Release|x86
	EndGlobalSection
	GlobalSection(ProjectConfigurationPlatforms) = postSolution
		{CE3BB1E3-DDAC-49F9-A554-ADB78E1F7F66}.Debug|Any CPU.ActiveCfg = Debug|x86
		{CE3BB1E3-DDAC-49F9-A554-ADB78E1F7F66}.Debug|Mixed Platforms.ActiveCfg = Debug|x86
		{CE3BB1E3-DDAC-49F9-A554-ADB78E1F7F66}.Debug|Mixed Platforms.Build.0 = Debug|x86
		{CE3BB1E3-DDAC-49F9-A554-ADB78E1F7F66}.Debug|x86.ActiveCfg = Debug|x86
		{CE3BB1E3-DDAC-49F9-A554-ADB78E1F7F66}.Debug|x86.Build.0 = Debug|x86
		{CE3BB1E3-DDAC-49F9-A554-ADB78E1F7F66}.Release|Any CPU.ActiveCfg = Release|x86
		{CE3BB1E3-DDAC-49F9-A554-ADB78E1F7F66}.Release|Mixed Platforms.ActiveCfg = Release|x86
		{CE3BB1E3-DDAC-49F9-A554-ADB78E1F7F66}.Release|Mixed Platforms.Build.0 = Release|x86
		{CE3BB1E3-DDAC-49F9-A554-ADB78E1F7F66}.Release|x86.ActiveCfg = Release|x86
		{CE3BB1E3-DDAC-49F9-A554-ADB78E1F7F66}.Release|x86.Build.0 = Release|x86
		{77EBB90A-3730-406A-B5EF-65F435853AE2}.Debug|Any CPU.ActiveCfg = Debug|Any CPU
		{77EBB90A-3730-406A-B5EF-65F435853AE2}.Debug|Any CPU.Build.0 = Debug|Any CPU
		{77EBB90A-3730-406A-B5EF-65F435853AE2}.Debug|Mixed Platforms.ActiveCfg = Debug|Any CPU
		{77EBB90A-3730-406A-B5EF-65F435853AE2}.Debug|Mixed Platforms.Build.0 = Debug|Any CPU
		{77EBB90A-3730-406A-B5EF-65F435853AE2}.Debug|x86.ActiveCfg = Debug|Any CPU
		{77EBB90A-3730-406A-B5EF-65F435853AE2}.Release|Any CPU.ActiveCfg = Release|Any CPU
		{77EBB90A-3730-406A-B5EF-65F435853AE2}.Release|Any CPU.Build.0 = Release|Any CPU
		{77EBB90A-3730-406A-B5EF-65F435853AE2}.Release|Mixed Platforms.ActiveCfg = Release|Any CPU
		{77EBB90A-3730-406A-B5EF-65F435853AE2}.Release|Mixed Platforms.Build.0 = Release|Any CPU
		{77EBB90A-3730-406A-B5EF-65F435853AE2}.Release|x86.ActiveCfg = Release|Any CPU
		{721B288F-B509-4F04-9471-D494F786F6B1}.Debug|Any CPU.ActiveCfg = Debug|Any CPU
		{721B288F-B509-4F04-9471-D494F786F6B1}.Debug|Any CPU.Build.0 = Debug|Any CPU
		{721B288F-B509-4F04-9471-D494F786F6B1}.Debug|Mixed Platforms.ActiveCfg = Debug|Any CPU
		{721B288F-B509-4F04-9471-D494F786F6B1}.Debug|Mixed Platforms.Build.0 = Debug|Any CPU
		{721B288F-B509-4F04-9471-D494F786F6B1}.Debug|x86.ActiveCfg = Debug|Any CPU
		{721B288F-B509-4F04-9471-D494F786F6B1}.Release|Any CPU.ActiveCfg = Release|Any CPU
		{721B288F-B509-4F04-9471-D494F786F6B1}.Release|Any CPU.Build.0 = Release|Any CPU
		{721B288F-B509-4F04-9471-D494F786F6B1}.Release|Mixed Platforms.ActiveCfg = Release|Any CPU
		{721B288F-B509-4F04-9471-D494F786F6B1}.Release|Mixed Platforms.Build.0 = Release|Any CPU
		{721B288F-B509-4F04-9471-D494F786F6B1}.Release|x86.ActiveCfg = Release|Any CPU
	EndGlobalSection
	GlobalSection(SolutionProperties) = preSolution
		HideSolutionNode = FALSE
	EndGlobalSection
EndGlobal
